
Microsoft Visual Studio Solution File, Format Version 12.00
# Visual Studio 15
VisualStudioVersion = 15.0.28010.2046
MinimumVisualStudioVersion = 10.0.40219.1
Project("{FAE04EC0-301F-11D3-BF4B-00C04F79EFBC}") = "SPBP", "SPBP\SPBP.csproj", "{9F6C4FFF-C7EB-4295-9165-E8A827528F06}"
EndProject
Project("{FAE04EC0-301F-11D3-BF4B-00C04F79EFBC}") = "ProcedureExecuter", "ProcedureExecuter\ProcedureExecuter.csproj", "{01139CEE-E10E-4885-946F-C239249F6456}"
EndProject
Project("{FAE04EC0-301F-11D3-BF4B-00C04F79EFBC}") = "TestPRocedure", "TestPRocedure\TestPRocedure.csproj", "{B71F241B-3427-48D8-AF69-440414517CDA}"
EndProject
Project("{FAE04EC0-301F-11D3-BF4B-00C04F79EFBC}") = "SPBP.Core", "SPBP.Core\SPBP.Core.csproj", "{482F93F7-AEF1-434C-8FA6-5C6F1928AEE1}"
EndProject
Project("{FAE04EC0-301F-11D3-BF4B-00C04F79EFBC}") = "SpbpCoreTest", "SpbpCoreTest\SpbpCoreTest.csproj", "{BE02C87A-D8DC-4881-A53C-5EC52114BFB8}"
EndProject
Global
	GlobalSection(SolutionConfigurationPlatforms) = preSolution
		Debug|Any CPU = Debug|Any CPU
		Release|Any CPU = Release|Any CPU
	EndGlobalSection
	GlobalSection(ProjectConfigurationPlatforms) = postSolution
		{9F6C4FFF-C7EB-4295-9165-E8A827528F06}.Debug|Any CPU.ActiveCfg = Debug|Any CPU
		{9F6C4FFF-C7EB-4295-9165-E8A827528F06}.Debug|Any CPU.Build.0 = Debug|Any CPU
		{9F6C4FFF-C7EB-4295-9165-E8A827528F06}.Release|Any CPU.ActiveCfg = Release|Any CPU
		{9F6C4FFF-C7EB-4295-9165-E8A827528F06}.Release|Any CPU.Build.0 = Release|Any CPU
		{01139CEE-E10E-4885-946F-C239249F6456}.Debug|Any CPU.ActiveCfg = Debug|Any CPU
		{01139CEE-E10E-4885-946F-C239249F6456}.Debug|Any CPU.Build.0 = Debug|Any CPU
		{01139CEE-E10E-4885-946F-C239249F6456}.Release|Any CPU.ActiveCfg = Release|Any CPU
		{01139CEE-E10E-4885-946F-C239249F6456}.Release|Any CPU.Build.0 = Release|Any CPU
		{B71F241B-3427-48D8-AF69-440414517CDA}.Debug|Any CPU.ActiveCfg = Debug|Any CPU
		{B71F241B-3427-48D8-AF69-440414517CDA}.Debug|Any CPU.Build.0 = Debug|Any CPU
		{B71F241B-3427-48D8-AF69-440414517CDA}.Release|Any CPU.ActiveCfg = Release|Any CPU
		{B71F241B-3427-48D8-AF69-440414517CDA}.Release|Any CPU.Build.0 = Release|Any CPU
		{482F93F7-AEF1-434C-8FA6-5C6F1928AEE1}.Debug|Any CPU.ActiveCfg = Debug|Any CPU
		{482F93F7-AEF1-434C-8FA6-5C6F1928AEE1}.Debug|Any CPU.Build.0 = Debug|Any CPU
		{482F93F7-AEF1-434C-8FA6-5C6F1928AEE1}.Release|Any CPU.ActiveCfg = Release|Any CPU
		{482F93F7-AEF1-434C-8FA6-5C6F1928AEE1}.Release|Any CPU.Build.0 = Release|Any CPU
		{BE02C87A-D8DC-4881-A53C-5EC52114BFB8}.Debug|Any CPU.ActiveCfg = Debug|Any CPU
		{BE02C87A-D8DC-4881-A53C-5EC52114BFB8}.Debug|Any CPU.Build.0 = Debug|Any CPU
		{BE02C87A-D8DC-4881-A53C-5EC52114BFB8}.Release|Any CPU.ActiveCfg = Release|Any CPU
		{BE02C87A-D8DC-4881-A53C-5EC52114BFB8}.Release|Any CPU.Build.0 = Release|Any CPU
	EndGlobalSection
	GlobalSection(SolutionProperties) = preSolution
		HideSolutionNode = FALSE
	EndGlobalSection
	GlobalSection(ExtensibilityGlobals) = postSolution
		SolutionGuid = {41B5DB41-390C-4D50-934A-470F82948658}
	EndGlobalSection
EndGlobal
